{
  "name": "user-frontend-wx-takeaway-v1",
  "version": "1.0.0",
  "lockfileVersion": 2,
  "requires": true,
  "packages": {
    "": {
      "name": "user-frontend-wx-takeaway-v1",
      "version": "1.0.0",
      "dependencies": {
        "tdesign-miniprogram": "^0.26.0"
      },
      "devDependencies": {
        "miniprogram-api-typings": "^2.12.0"
      }
    },
    "node_modules/dayjs": {
      "version": "1.11.6",
      "resolved": "https://registry.npmjs.org/dayjs/-/dayjs-1.11.6.tgz",
      "integrity": "sha512-zZbY5giJAinCG+7AGaw0wIhNZ6J8AhWuSXKvuc1KAyMiRsvGQWqh4L+MomvhdAYjN+lqvVCMq1I41e3YHvXkyQ=="
    },
    "node_modules/miniprogram-api-typings": {
      "version": "2.12.0",
      "resolved": "https://registry.npmjs.org/miniprogram-api-typings/-/miniprogram-api-typings-2.12.0.tgz",
      "integrity": "sha512-ibvbqeslVFur0IAvTxLMvsbtvVcMo6gwvOnj0YZHV7aeDLu091VQRrETT2QuiG9P6aZWRcxeNGJChRKVPCp9VQ==",
      "dev": true
    },
    "node_modules/tdesign-miniprogram": {
      "version": "0.26.0",
      "resolved": "https://registry.npmjs.org/tdesign-miniprogram/-/tdesign-miniprogram-0.26.0.tgz",
      "integrity": "sha512-qRhG/DV4ZhKpqYpSRJlxfxmfFDLvzWdtKPh5uHErsAd09DXER8f/I/8PVuipddRskXfeSG2QwUBEzhv7a5rXww==",
      "dependencies": {
        "dayjs": "^1.10.7"
      }
    }
  },
  "dependencies": {
    "dayjs": {
      "version": "1.11.6",
      "resolved": "https://registry.npmjs.org/dayjs/-/dayjs-1.11.6.tgz",
      "integrity": "sha512-zZbY5giJAinCG+7AGaw0wIhNZ6J8AhWuSXKvuc1KAyMiRsvGQWqh4L+MomvhdAYjN+lqvVCMq1I41e3YHvXkyQ=="
    },
    "miniprogram-api-typings": {
      "version": "2.12.0",
      "resolved": "https://registry.npmjs.org/miniprogram-api-typings/-/miniprogram-api-typings-2.12.0.tgz",
      "integrity": "sha512-ibvbqeslVFur0IAvTxLMvsbtvVcMo6gwvOnj0YZHV7aeDLu091VQRrETT2QuiG9P6aZWRcxeNGJChRKVPCp9VQ==",
      "dev": true
    },
    "tdesign-miniprogram": {
      "version": "0.26.0",
      "resolved": "https://registry.npmjs.org/tdesign-miniprogram/-/tdesign-miniprogram-0.26.0.tgz",
      "integrity": "sha512-qRhG/DV4ZhKpqYpSRJlxfxmfFDLvzWdtKPh5uHErsAd09DXER8f/I/8PVuipddRskXfeSG2QwUBEzhv7a5rXww==",
      "requires": {
        "dayjs": "^1.10.7"
      }
    }
  }
}
