{
  "name": "user-frontend-wx-takeaway-v1",
  "version": "1.0.0",
  "lockfileVersion": 2,
  "requires": true,
  "packages": {
    "": {
      "name": "user-frontend-wx-takeaway-v1",
      "version": "1.0.0",
      "dependencies": {
        "@vant/weapp": "^1.10.10",
        "tdesign-miniprogram": "^0.31.0"
      },
      "devDependencies": {
        "miniprogram-api-typings": "^3.8.1"
      }
    },
    "node_modules/@vant/weapp": {
      "version": "1.10.10",
      "resolved": "https://registry.npmjs.org/@vant/weapp/-/weapp-1.10.10.tgz",
      "integrity": "sha512-rNE38/xO/GChOAlFjSx8lg/h3y3/hCwSk/G6RypOlLGqX69vfwS/+W/plziIOpY9z3VffxmOkacxQTrwfVw1VA=="
    },
    "node_modules/dayjs": {
      "version": "1.11.6",
      "resolved": "https://registry.npmjs.org/dayjs/-/dayjs-1.11.6.tgz",
      "integrity": "sha512-zZbY5giJAinCG+7AGaw0wIhNZ6J8AhWuSXKvuc1KAyMiRsvGQWqh4L+MomvhdAYjN+lqvVCMq1I41e3YHvXkyQ=="
    },
    "node_modules/miniprogram-api-typings": {
      "version": "3.8.1",
      "resolved": "https://registry.npmjs.org/miniprogram-api-typings/-/miniprogram-api-typings-3.8.1.tgz",
      "integrity": "sha512-AjuBYxghx3LZeTtWQ48TfDMxoACGRUA+NdPrgl+mPPNgi5g0YXn3sDELNHRw0LcjTxfqhVufwLL65AjwT+W+FQ==",
      "dev": true
    },
    "node_modules/tdesign-miniprogram": {
      "version": "0.31.0",
      "resolved": "https://registry.npmjs.org/tdesign-miniprogram/-/tdesign-miniprogram-0.31.0.tgz",
      "integrity": "sha512-DblLMdByCoYQCyMPTNokyxK4VR5Mq+WWKXCAYSuM4mQrPqNIFuuKAGlD/BmYbuyF+FulkZUWasYw6dGYMZiLmg==",
      "dependencies": {
        "dayjs": "^1.10.7"
      }
    }
  },
  "dependencies": {
    "@vant/weapp": {
      "version": "1.10.10",
      "resolved": "https://registry.npmjs.org/@vant/weapp/-/weapp-1.10.10.tgz",
      "integrity": "sha512-rNE38/xO/GChOAlFjSx8lg/h3y3/hCwSk/G6RypOlLGqX69vfwS/+W/plziIOpY9z3VffxmOkacxQTrwfVw1VA=="
    },
    "dayjs": {
      "version": "1.11.6",
      "resolved": "https://registry.npmjs.org/dayjs/-/dayjs-1.11.6.tgz",
      "integrity": "sha512-zZbY5giJAinCG+7AGaw0wIhNZ6J8AhWuSXKvuc1KAyMiRsvGQWqh4L+MomvhdAYjN+lqvVCMq1I41e3YHvXkyQ=="
    },
    "miniprogram-api-typings": {
      "version": "3.8.1",
      "resolved": "https://registry.npmjs.org/miniprogram-api-typings/-/miniprogram-api-typings-3.8.1.tgz",
      "integrity": "sha512-AjuBYxghx3LZeTtWQ48TfDMxoACGRUA+NdPrgl+mPPNgi5g0YXn3sDELNHRw0LcjTxfqhVufwLL65AjwT+W+FQ==",
      "dev": true
    },
    "tdesign-miniprogram": {
      "version": "0.31.0",
      "resolved": "https://registry.npmjs.org/tdesign-miniprogram/-/tdesign-miniprogram-0.31.0.tgz",
      "integrity": "sha512-DblLMdByCoYQCyMPTNokyxK4VR5Mq+WWKXCAYSuM4mQrPqNIFuuKAGlD/BmYbuyF+FulkZUWasYw6dGYMZiLmg==",
      "requires": {
        "dayjs": "^1.10.7"
      }
    }
  }
}
